<?xml version="1.0" encoding="utf-8"?>
<Project ToolsVersion="4.0" xmlns="http://schemas.microsoft.com/developer/msbuild/2003">
  <ItemGroup>
    <Filter Include="源文件">
      <UniqueIdentifier>{4FC737F1-C7A5-4376-A066-2A32D752A2FF}</UniqueIdentifier>
      <Extensions>cpp;c;cc;cxx;c++;cppm;ixx;def;odl;idl;hpj;bat;asm;asmx</Extensions>
    </Filter>
    <Filter Include="头文件">
      <UniqueIdentifier>{93995380-89BD-4b04-88EB-625FBE52EBFB}</UniqueIdentifier>
      <Extensions>h;hh;hpp;hxx;h++;hm;inl;inc;ipp;xsd</Extensions>
    </Filter>
    <Filter Include="资源文件">
      <UniqueIdentifier>{67DA6AB6-F800-4c08-8B7A-83BB121AAD01}</UniqueIdentifier>
      <Extensions>rc;ico;cur;bmp;dlg;rc2;rct;bin;rgs;gif;jpg;jpeg;jpe;resx;tiff;tif;png;wav;mfcribbon-ms</Extensions>
    </Filter>
  </ItemGroup>
  <ItemGroup>
    <ClCompile Include="src\application.cpp">
      <Filter>源文件</Filter>
    </ClCompile>
    <ClCompile Include="src\engine.cpp">
      <Filter>源文件</Filter>
    </ClCompile>
    <ClCompile Include="src\input\input_manager.cpp">
      <Filter>源文件</Filter>
    </ClCompile>
    <ClCompile Include="src\graphic\shaderProgram.cpp">
      <Filter>源文件</Filter>
    </ClCompile>
    <ClCompile Include="src\graphic\graphic_api.cpp">
      <Filter>源文件</Filter>
    </ClCompile>
    <ClCompile Include="src\render\material.cpp">
      <Filter>源文件</Filter>
    </ClCompile>
    <ClCompile Include="src\render\mesh.cpp">
      <Filter>源文件</Filter>
    </ClCompile>
    <ClCompile Include="src\graphic\vertex_layout.cpp">
      <Filter>源文件</Filter>
    </ClCompile>
    <ClCompile Include="src\render\render_queue.cpp">
      <Filter>源文件</Filter>
    </ClCompile>
    <ClCompile Include="src\scene\game_object.cpp">
      <Filter>源文件</Filter>
    </ClCompile>
    <ClCompile Include="src\scene\scene.cpp">
      <Filter>源文件</Filter>
    </ClCompile>
    <ClCompile Include="src\scene\component.cpp">
      <Filter>源文件</Filter>
    </ClCompile>
    <ClCompile Include="src\scene\components\mesh_component.cpp">
      <Filter>源文件</Filter>
    </ClCompile>
    <ClCompile Include="src\scene\components\camera_component.cpp">
      <Filter>源文件</Filter>
    </ClCompile>
    <ClCompile Include="src\scene\components\player_control_component.cpp">
      <Filter>源文件</Filter>
    </ClCompile>
    <ClCompile Include="src\io\file_system.cpp">
      <Filter>源文件</Filter>
    </ClCompile>
    <ClCompile Include="src\graphic\texture.cpp">
      <Filter>源文件</Filter>
    </ClCompile>
    <ClCompile Include="src\scene\components\light_component.cpp">
      <Filter>源文件</Filter>
    </ClCompile>
  </ItemGroup>
  <ItemGroup>
    <ClInclude Include="src\application.h">
      <Filter>头文件</Filter>
    </ClInclude>
    <ClInclude Include="src\core.h">
      <Filter>头文件</Filter>
    </ClInclude>
    <ClInclude Include="src\engine.h">
      <Filter>头文件</Filter>
    </ClInclude>
    <ClInclude Include="src\input\input_manager.h">
      <Filter>头文件</Filter>
    </ClInclude>
    <ClInclude Include="src\graphic\shaderProgram.h">
      <Filter>头文件</Filter>
    </ClInclude>
    <ClInclude Include="src\graphic\graphic_api.h">
      <Filter>头文件</Filter>
    </ClInclude>
    <ClInclude Include="src\render\material.h">
      <Filter>头文件</Filter>
    </ClInclude>
    <ClInclude Include="src\render\mesh.h">
      <Filter>头文件</Filter>
    </ClInclude>
    <ClInclude Include="src\graphic\vertex_layout.h">
      <Filter>头文件</Filter>
    </ClInclude>
    <ClInclude Include="src\render\render_queue.h">
      <Filter>头文件</Filter>
    </ClInclude>
    <ClInclude Include="src\scene\scene.h">
      <Filter>头文件</Filter>
    </ClInclude>
    <ClInclude Include="src\scene\game_object.h">
      <Filter>头文件</Filter>
    </ClInclude>
    <ClInclude Include="src\scene\component.h">
      <Filter>头文件</Filter>
    </ClInclude>
    <ClInclude Include="src\scene\components\mesh_component.h">
      <Filter>头文件</Filter>
    </ClInclude>
    <ClInclude Include="src\scene\components\camera_component.h">
      <Filter>头文件</Filter>
    </ClInclude>
    <ClInclude Include="src\scene\components\player_control_component.h">
      <Filter>头文件</Filter>
    </ClInclude>
    <ClInclude Include="src\io\file_system.h">
      <Filter>头文件</Filter>
    </ClInclude>
    <ClInclude Include="src\config.h">
      <Filter>头文件</Filter>
    </ClInclude>
    <ClInclude Include="third_party\stb_image\stb_image.h">
      <Filter>头文件</Filter>
    </ClInclude>
    <ClInclude Include="src\graphic\texture.h">
      <Filter>头文件</Filter>
    </ClInclude>
    <ClInclude Include="src\comman.h">
      <Filter>头文件</Filter>
    </ClInclude>
    <ClInclude Include="src\scene\components\light_component.h">
      <Filter>头文件</Filter>
    </ClInclude>
  </ItemGroup>
  <ItemGroup>
    <None Include="assets\shaders\fragment_shader.glsl" />
    <None Include="assets\shaders\vertex_shader.glsl" />
    <None Include="assets\materials\break.mat" />
    <None Include="assets\materials\duck.mat" />
    <None Include="assets\models\Duck.gltf" />
    <None Include="assets\models\Duck0.bin">
      <Filter>资源文件</Filter>
    </None>
  </ItemGroup>
  <ItemGroup>
    <Image Include="assets\textures\break.jpg">
      <Filter>资源文件</Filter>
    </Image>
    <Image Include="assets\models\DuckCM.png">
      <Filter>资源文件</Filter>
    </Image>
  </ItemGroup>
</Project>